{
  "nodes": {
    "nixpkgs": {
      "locked": {
        "lastModified": 1737545261,
        "narHash": "sha256-Oa91e3B0/T1E4iL3HRO2ZOIxBxZGkCjHYY8VpFHOrwQ=",
        "owner": "NixOS",
        "repo": "nixpkgs",
        "rev": "9b6cdf829fdef63efed466cf537c838dc685da41",
        "type": "github"
      },
      "original": {
        "owner": "NixOS",
        "ref": "release-24.11",
        "repo": "nixpkgs",
        "type": "github"
      }
    },
    "root": {
      "inputs": {
        "nixpkgs": "nixpkgs"
      }
    }
  },
  "root": "root",
  "version": 7
}
